// !$*UTF8*$!
{
	archiveVersion = 1;
	classes = {
	};
	objectVersion = 56;
	objects = {

/* Begin PBXBuildFile section */
		1EE40A8B2BC53E520024811D /* TrueMuteApp.swift in Sources */ = {isa = PBXBuildFile; fileRef = 1EE40A8A2BC53E520024811D /* TrueMuteApp.swift */; };
		1EE40A8D2BC53E520024811D /* ContentView.swift in Sources */ = {isa = PBXBuildFile; fileRef = 1EE40A8C2BC53E520024811D /* ContentView.swift */; };
		1EE40A8F2BC53E530024811D /* Assets.xcassets in Resources */ = {isa = PBXBuildFile; fileRef = 1EE40A8E2BC53E530024811D /* Assets.xcassets */; };
		1EE40A922BC53E530024811D /* Preview Assets.xcassets in Resources */ = {isa = PBXBuildFile; fileRef = 1EE40A912BC53E530024811D /* Preview Assets.xcassets */; };
		1EE40A9D2BC53E540024811D /* TrueMuteTests.swift in Sources */ = {isa = PBXBuildFile; fileRef = 1EE40A9C2BC53E540024811D /* TrueMuteTests.swift */; };
		1EE40AA72BC53E540024811D /* TrueMuteUITests.swift in Sources */ = {isa = PBXBuildFile; fileRef = 1EE40AA62BC53E540024811D /* TrueMuteUITests.swift */; };
		1EE40AA92BC53E540024811D /* TrueMuteUITestsLaunchTests.swift in Sources */ = {isa = PBXBuildFile; fileRef = 1EE40AA82BC53E540024811D /* TrueMuteUITestsLaunchTests.swift */; };
		1EE40AF12BC540840024811D /* VolumeController.swift in Sources */ = {isa = PBXBuildFile; fileRef = 1EE40AF02BC540840024811D /* VolumeController.swift */; };
		1EE40AF42BC542770024811D /* ISSoundAdditions in Frameworks */ = {isa = PBXBuildFile; productRef = 1EE40AF32BC542770024811D /* ISSoundAdditions */; };
/* End PBXBuildFile section */

/* Begin PBXContainerItemProxy section */
		1EE40A992BC53E540024811D /* PBXContainerItemProxy */ = {
			isa = PBXContainerItemProxy;
			containerPortal = 1EE40A7F2BC53E520024811D /* Project object */;
			proxyType = 1;
			remoteGlobalIDString = 1EE40A862BC53E520024811D;
			remoteInfo = TrueMute;
		};
		1EE40AA32BC53E540024811D /* PBXContainerItemProxy */ = {
			isa = PBXContainerItemProxy;
			containerPortal = 1EE40A7F2BC53E520024811D /* Project object */;
			proxyType = 1;
			remoteGlobalIDString = 1EE40A862BC53E520024811D;
			remoteInfo = TrueMute;
		};
/* End PBXContainerItemProxy section */

/* Begin PBXFileReference section */
		1EE40A872BC53E520024811D /* TrueMute.app */ = {isa = PBXFileReference; explicitFileType = wrapper.application; includeInIndex = 0; path = TrueMute.app; sourceTree = BUILT_PRODUCTS_DIR; };
		1EE40A8A2BC53E520024811D /* TrueMuteApp.swift */ = {isa = PBXFileReference; lastKnownFileType = sourcecode.swift; path = TrueMuteApp.swift; sourceTree = "<group>"; };
		1EE40A8C2BC53E520024811D /* ContentView.swift */ = {isa = PBXFileReference; lastKnownFileType = sourcecode.swift; path = ContentView.swift; sourceTree = "<group>"; };
		1EE40A8E2BC53E530024811D /* Assets.xcassets */ = {isa = PBXFileReference; lastKnownFileType = folder.assetcatalog; path = Assets.xcassets; sourceTree = "<group>"; };
		1EE40A912BC53E530024811D /* Preview Assets.xcassets */ = {isa = PBXFileReference; lastKnownFileType = folder.assetcatalog; path = "Preview Assets.xcassets"; sourceTree = "<group>"; };
		1EE40A932BC53E530024811D /* TrueMute.entitlements */ = {isa = PBXFileReference; lastKnownFileType = text.plist.entitlements; path = TrueMute.entitlements; sourceTree = "<group>"; };
		1EE40A982BC53E540024811D /* TrueMuteTests.xctest */ = {isa = PBXFileReference; explicitFileType = wrapper.cfbundle; includeInIndex = 0; path = TrueMuteTests.xctest; sourceTree = BUILT_PRODUCTS_DIR; };
		1EE40A9C2BC53E540024811D /* TrueMuteTests.swift */ = {isa = PBXFileReference; lastKnownFileType = sourcecode.swift; path = TrueMuteTests.swift; sourceTree = "<group>"; };
		1EE40AA22BC53E540024811D /* TrueMuteUITests.xctest */ = {isa = PBXFileReference; explicitFileType = wrapper.cfbundle; includeInIndex = 0; path = TrueMuteUITests.xctest; sourceTree = BUILT_PRODUCTS_DIR; };
		1EE40AA62BC53E540024811D /* TrueMuteUITests.swift */ = {isa = PBXFileReference; lastKnownFileType = sourcecode.swift; path = TrueMuteUITests.swift; sourceTree = "<group>"; };
		1EE40AA82BC53E540024811D /* TrueMuteUITestsLaunchTests.swift */ = {isa = PBXFileReference; lastKnownFileType = sourcecode.swift; path = TrueMuteUITestsLaunchTests.swift; sourceTree = "<group>"; };
		1EE40AF02BC540840024811D /* VolumeController.swift */ = {isa = PBXFileReference; lastKnownFileType = sourcecode.swift; path = VolumeController.swift; sourceTree = "<group>"; };
/* End PBXFileReference section */

/* Begin PBXFrameworksBuildPhase section */
		1EE40A842BC53E520024811D /* Frameworks */ = {
			isa = PBXFrameworksBuildPhase;
			buildActionMask = 2147483647;
			files = (
				1EE40AF42BC542770024811D /* ISSoundAdditions in Frameworks */,
			);
			runOnlyForDeploymentPostprocessing = 0;
		};
		1EE40A952BC53E540024811D /* Frameworks */ = {
			isa = PBXFrameworksBuildPhase;
			buildActionMask = 2147483647;
			files = (
			);
			runOnlyForDeploymentPostprocessing = 0;
		};
		1EE40A9F2BC53E540024811D /* Frameworks */ = {
			isa = PBXFrameworksBuildPhase;
			buildActionMask = 2147483647;
			files = (
			);
			runOnlyForDeploymentPostprocessing = 0;
		};
/* End PBXFrameworksBuildPhase section */

/* Begin PBXGroup section */
		1EE40A7E2BC53E520024811D = {
			isa = PBXGroup;
			children = (
				1EE40A892BC53E520024811D /* TrueMute */,
				1EE40A9B2BC53E540024811D /* TrueMuteTests */,
				1EE40AA52BC53E540024811D /* TrueMuteUITests */,
				1EE40A882BC53E520024811D /* Products */,
			);
			sourceTree = "<group>";
		};
		1EE40A882BC53E520024811D /* Products */ = {
			isa = PBXGroup;
			children = (
				1EE40A872BC53E520024811D /* TrueMute.app */,
				1EE40A982BC53E540024811D /* TrueMuteTests.xctest */,
				1EE40AA22BC53E540024811D /* TrueMuteUITests.xctest */,
			);
			name = Products;
			sourceTree = "<group>";
		};
		1EE40A892BC53E520024811D /* TrueMute */ = {
			isa = PBXGroup;
			children = (
				1EE40A8A2BC53E520024811D /* TrueMuteApp.swift */,
				1EE40A8C2BC53E520024811D /* ContentView.swift */,
				1EE40AF02BC540840024811D /* VolumeController.swift */,
				1EE40A8E2BC53E530024811D /* Assets.xcassets */,
				1EE40A932BC53E530024811D /* TrueMute.entitlements */,
				1EE40A902BC53E530024811D /* Preview Content */,
			);
			path = TrueMute;
			sourceTree = "<group>";
		};
		1EE40A902BC53E530024811D /* Preview Content */ = {
			isa = PBXGroup;
			children = (
				1EE40A912BC53E530024811D /* Preview Assets.xcassets */,
			);
			path = "Preview Content";
			sourceTree = "<group>";
		};
		1EE40A9B2BC53E540024811D /* TrueMuteTests */ = {
			isa = PBXGroup;
			children = (
				1EE40A9C2BC53E540024811D /* TrueMuteTests.swift */,
			);
			path = TrueMuteTests;
			sourceTree = "<group>";
		};
		1EE40AA52BC53E540024811D /* TrueMuteUITests */ = {
			isa = PBXGroup;
			children = (
				1EE40AA62BC53E540024811D /* TrueMuteUITests.swift */,
				1EE40AA82BC53E540024811D /* TrueMuteUITestsLaunchTests.swift */,
			);
			path = TrueMuteUITests;
			sourceTree = "<group>";
		};
/* End PBXGroup section */

/* Begin PBXNativeTarget section */
		1EE40A862BC53E520024811D /* TrueMute */ = {
			isa = PBXNativeTarget;
			buildConfigurationList = 1EE40AAC2BC53E540024811D /* Build configuration list for PBXNativeTarget "TrueMute" */;
			buildPhases = (
				1EE40A832BC53E520024811D /* Sources */,
				1EE40A842BC53E520024811D /* Frameworks */,
				1EE40A852BC53E520024811D /* Resources */,
			);
			buildRules = (
			);
			dependencies = (
			);
			name = TrueMute;
			packageProductDependencies = (
				1EE40AF32BC542770024811D /* ISSoundAdditions */,
			);
			productName = TrueMute;
			productReference = 1EE40A872BC53E520024811D /* TrueMute.app */;
			productType = "com.apple.product-type.application";
		};
		1EE40A972BC53E540024811D /* TrueMuteTests */ = {
			isa = PBXNativeTarget;
			buildConfigurationList = 1EE40AAF2BC53E540024811D /* Build configuration list for PBXNativeTarget "TrueMuteTests" */;
			buildPhases = (
				1EE40A942BC53E540024811D /* Sources */,
				1EE40A952BC53E540024811D /* Frameworks */,
				1EE40A962BC53E540024811D /* Resources */,
			);
			buildRules = (
			);
			dependencies = (
				1EE40A9A2BC53E540024811D /* PBXTargetDependency */,
			);
			name = TrueMuteTests;
			productName = TrueMuteTests;
			productReference = 1EE40A982BC53E540024811D /* TrueMuteTests.xctest */;
			productType = "com.apple.product-type.bundle.unit-test";
		};
		1EE40AA12BC53E540024811D /* TrueMuteUITests */ = {
			isa = PBXNativeTarget;
			buildConfigurationList = 1EE40AB22BC53E540024811D /* Build configuration list for PBXNativeTarget "TrueMuteUITests" */;
			buildPhases = (
				1EE40A9E2BC53E540024811D /* Sources */,
				1EE40A9F2BC53E540024811D /* Frameworks */,
				1EE40AA02BC53E540024811D /* Resources */,
			);
			buildRules = (
			);
			dependencies = (
				1EE40AA42BC53E540024811D /* PBXTargetDependency */,
			);
			name = TrueMuteUITests;
			productName = TrueMuteUITests;
			productReference = 1EE40AA22BC53E540024811D /* TrueMuteUITests.xctest */;
			productType = "com.apple.product-type.bundle.ui-testing";
		};
/* End PBXNativeTarget section */

/* Begin PBXProject section */
		1EE40A7F2BC53E520024811D /* Project object */ = {
			isa = PBXProject;
			attributes = {
				BuildIndependentTargetsInParallel = 1;
				LastSwiftUpdateCheck = 1520;
				LastUpgradeCheck = 1520;
				TargetAttributes = {
					1EE40A862BC53E520024811D = {
						CreatedOnToolsVersion = 15.2;
					};
					1EE40A972BC53E540024811D = {
						CreatedOnToolsVersion = 15.2;
						TestTargetID = 1EE40A862BC53E520024811D;
					};
					1EE40AA12BC53E540024811D = {
						CreatedOnToolsVersion = 15.2;
						TestTargetID = 1EE40A862BC53E520024811D;
					};
				};
			};
			buildConfigurationList = 1EE40A822BC53E520024811D /* Build configuration list for PBXProject "TrueMute" */;
			compatibilityVersion = "Xcode 14.0";
			developmentRegion = en;
			hasScannedForEncodings = 0;
			knownRegions = (
				en,
				Base,
			);
			mainGroup = 1EE40A7E2BC53E520024811D;
			packageReferences = (
				1EE40AF22BC542770024811D /* XCRemoteSwiftPackageReference "ISSoundAdditions" */,
			);
			productRefGroup = 1EE40A882BC53E520024811D /* Products */;
			projectDirPath = "";
			projectRoot = "";
			targets = (
				1EE40A862BC53E520024811D /* TrueMute */,
				1EE40A972BC53E540024811D /* TrueMuteTests */,
				1EE40AA12BC53E540024811D /* TrueMuteUITests */,
			);
		};
/* End PBXProject section */

/* Begin PBXResourcesBuildPhase section */
		1EE40A852BC53E520024811D /* Resources */ = {
			isa = PBXResourcesBuildPhase;
			buildActionMask = 2147483647;
			files = (
				1EE40A922BC53E530024811D /* Preview Assets.xcassets in Resources */,
				1EE40A8F2BC53E530024811D /* Assets.xcassets in Resources */,
			);
			runOnlyForDeploymentPostprocessing = 0;
		};
		1EE40A962BC53E540024811D /* Resources */ = {
			isa = PBXResourcesBuildPhase;
			buildActionMask = 2147483647;
			files = (
			);
			runOnlyForDeploymentPostprocessing = 0;
		};
		1EE40AA02BC53E540024811D /* Resources */ = {
			isa = PBXResourcesBuildPhase;
			buildActionMask = 2147483647;
			files = (
			);
			runOnlyForDeploymentPostprocessing = 0;
		};
/* End PBXResourcesBuildPhase section */

/* Begin PBXSourcesBuildPhase section */
		1EE40A832BC53E520024811D /* Sources */ = {
			isa = PBXSourcesBuildPhase;
			buildActionMask = 2147483647;
			files = (
				1EE40A8D2BC53E520024811D /* ContentView.swift in Sources */,
				1EE40AF12BC540840024811D /* VolumeController.swift in Sources */,
				1EE40A8B2BC53E520024811D /* TrueMuteApp.swift in Sources */,
			);
			runOnlyForDeploymentPostprocessing = 0;
		};
		1EE40A942BC53E540024811D /* Sources */ = {
			isa = PBXSourcesBuildPhase;
			buildActionMask = 2147483647;
			files = (
				1EE40A9D2BC53E540024811D /* TrueMuteTests.swift in Sources */,
			);
			runOnlyForDeploymentPostprocessing = 0;
		};
		1EE40A9E2BC53E540024811D /* Sources */ = {
			isa = PBXSourcesBuildPhase;
			buildActionMask = 2147483647;
			files = (
				1EE40AA92BC53E540024811D /* TrueMuteUITestsLaunchTests.swift in Sources */,
				1EE40AA72BC53E540024811D /* TrueMuteUITests.swift in Sources */,
			);
			runOnlyForDeploymentPostprocessing = 0;
		};
/* End PBXSourcesBuildPhase section */

/* Begin PBXTargetDependency section */
		1EE40A9A2BC53E540024811D /* PBXTargetDependency */ = {
			isa = PBXTargetDependency;
			target = 1EE40A862BC53E520024811D /* TrueMute */;
			targetProxy = 1EE40A992BC53E540024811D /* PBXContainerItemProxy */;
		};
		1EE40AA42BC53E540024811D /* PBXTargetDependency */ = {
			isa = PBXTargetDependency;
			target = 1EE40A862BC53E520024811D /* TrueMute */;
			targetProxy = 1EE40AA32BC53E540024811D /* PBXContainerItemProxy */;
		};
/* End PBXTargetDependency section */

/* Begin XCBuildConfiguration section */
		1EE40AAA2BC53E540024811D /* Debug */ = {
			isa = XCBuildConfiguration;
			buildSettings = {
				ALWAYS_SEARCH_USER_PATHS = NO;
				ASSETCATALOG_COMPILER_GENERATE_SWIFT_ASSET_SYMBOL_EXTENSIONS = YES;
				CLANG_ANALYZER_NONNULL = YES;
				CLANG_ANALYZER_NUMBER_OBJECT_CONVERSION = YES_AGGRESSIVE;
				CLANG_CXX_LANGUAGE_STANDARD = "gnu++20";
				CLANG_ENABLE_MODULES = YES;
				CLANG_ENABLE_OBJC_ARC = YES;
				CLANG_ENABLE_OBJC_WEAK = YES;
				CLANG_WARN_BLOCK_CAPTURE_AUTORELEASING = YES;
				CLANG_WARN_BOOL_CONVERSION = YES;
				CLANG_WARN_COMMA = YES;
				CLANG_WARN_CONSTANT_CONVERSION = YES;
				CLANG_WARN_DEPRECATED_OBJC_IMPLEMENTATIONS = YES;
				CLANG_WARN_DIRECT_OBJC_ISA_USAGE = YES_ERROR;
				CLANG_WARN_DOCUMENTATION_COMMENTS = YES;
				CLANG_WARN_EMPTY_BODY = YES;
				CLANG_WARN_ENUM_CONVERSION = YES;
				CLANG_WARN_INFINITE_RECURSION = YES;
				CLANG_WARN_INT_CONVERSION = YES;
				CLANG_WARN_NON_LITERAL_NULL_CONVERSION = YES;
				CLANG_WARN_OBJC_IMPLICIT_RETAIN_SELF = YES;
				CLANG_WARN_OBJC_LITERAL_CONVERSION = YES;
				CLANG_WARN_OBJC_ROOT_CLASS = YES_ERROR;
				CLANG_WARN_QUOTED_INCLUDE_IN_FRAMEWORK_HEADER = YES;
				CLANG_WARN_RANGE_LOOP_ANALYSIS = YES;
				CLANG_WARN_STRICT_PROTOTYPES = YES;
				CLANG_WARN_SUSPICIOUS_MOVE = YES;
				CLANG_WARN_UNGUARDED_AVAILABILITY = YES_AGGRESSIVE;
				CLANG_WARN_UNREACHABLE_CODE = YES;
				CLANG_WARN__DUPLICATE_METHOD_MATCH = YES;
				COPY_PHASE_STRIP = NO;
				DEBUG_INFORMATION_FORMAT = dwarf;
				ENABLE_STRICT_OBJC_MSGSEND = YES;
				ENABLE_TESTABILITY = YES;
				ENABLE_USER_SCRIPT_SANDBOXING = YES;
				GCC_C_LANGUAGE_STANDARD = gnu17;
				GCC_DYNAMIC_NO_PIC = NO;
				GCC_NO_COMMON_BLOCKS = YES;
				GCC_OPTIMIZATION_LEVEL = 0;
				GCC_PREPROCESSOR_DEFINITIONS = (
					"DEBUG=1",
					"$(inherited)",
				);
				GCC_WARN_64_TO_32_BIT_CONVERSION = YES;
				GCC_WARN_ABOUT_RETURN_TYPE = YES_ERROR;
				GCC_WARN_UNDECLARED_SELECTOR = YES;
				GCC_WARN_UNINITIALIZED_AUTOS = YES_AGGRESSIVE;
				GCC_WARN_UNUSED_FUNCTION = YES;
				GCC_WARN_UNUSED_VARIABLE = YES;
				LOCALIZATION_PREFERS_STRING_CATALOGS = YES;
				MACOSX_DEPLOYMENT_TARGET = 14.1;
				MTL_ENABLE_DEBUG_INFO = INCLUDE_SOURCE;
				MTL_FAST_MATH = YES;
				ONLY_ACTIVE_ARCH = YES;
				SDKROOT = macosx;
				SWIFT_ACTIVE_COMPILATION_CONDITIONS = "DEBUG $(inherited)";
				SWIFT_OPTIMIZATION_LEVEL = "-Onone";
			};
			name = Debug;
		};
		1EE40AAB2BC53E540024811D /* Release */ = {
			isa = XCBuildConfiguration;
			buildSettings = {
				ALWAYS_SEARCH_USER_PATHS = NO;
				ASSETCATALOG_COMPILER_GENERATE_SWIFT_ASSET_SYMBOL_EXTENSIONS = YES;
				CLANG_ANALYZER_NONNULL = YES;
				CLANG_ANALYZER_NUMBER_OBJECT_CONVERSION = YES_AGGRESSIVE;
				CLANG_CXX_LANGUAGE_STANDARD = "gnu++20";
				CLANG_ENABLE_MODULES = YES;
				CLANG_ENABLE_OBJC_ARC = YES;
				CLANG_ENABLE_OBJC_WEAK = YES;
				CLANG_WARN_BLOCK_CAPTURE_AUTORELEASING = YES;
				CLANG_WARN_BOOL_CONVERSION = YES;
				CLANG_WARN_COMMA = YES;
				CLANG_WARN_CONSTANT_CONVERSION = YES;
				CLANG_WARN_DEPRECATED_OBJC_IMPLEMENTATIONS = YES;
				CLANG_WARN_DIRECT_OBJC_ISA_USAGE = YES_ERROR;
				CLANG_WARN_DOCUMENTATION_COMMENTS = YES;
				CLANG_WARN_EMPTY_BODY = YES;
				CLANG_WARN_ENUM_CONVERSION = YES;
				CLANG_WARN_INFINITE_RECURSION = YES;
				CLANG_WARN_INT_CONVERSION = YES;
				CLANG_WARN_NON_LITERAL_NULL_CONVERSION = YES;
				CLANG_WARN_OBJC_IMPLICIT_RETAIN_SELF = YES;
				CLANG_WARN_OBJC_LITERAL_CONVERSION = YES;
				CLANG_WARN_OBJC_ROOT_CLASS = YES_ERROR;
				CLANG_WARN_QUOTED_INCLUDE_IN_FRAMEWORK_HEADER = YES;
				CLANG_WARN_RANGE_LOOP_ANALYSIS = YES;
				CLANG_WARN_STRICT_PROTOTYPES = YES;
				CLANG_WARN_SUSPICIOUS_MOVE = YES;
				CLANG_WARN_UNGUARDED_AVAILABILITY = YES_AGGRESSIVE;
				CLANG_WARN_UNREACHABLE_CODE = YES;
				CLANG_WARN__DUPLICATE_METHOD_MATCH = YES;
				COPY_PHASE_STRIP = NO;
				DEBUG_INFORMATION_FORMAT = "dwarf-with-dsym";
				ENABLE_NS_ASSERTIONS = NO;
				ENABLE_STRICT_OBJC_MSGSEND = YES;
				ENABLE_USER_SCRIPT_SANDBOXING = YES;
				GCC_C_LANGUAGE_STANDARD = gnu17;
				GCC_NO_COMMON_BLOCKS = YES;
				GCC_WARN_64_TO_32_BIT_CONVERSION = YES;
				GCC_WARN_ABOUT_RETURN_TYPE = YES_ERROR;
				GCC_WARN_UNDECLARED_SELECTOR = YES;
				GCC_WARN_UNINITIALIZED_AUTOS = YES_AGGRESSIVE;
				GCC_WARN_UNUSED_FUNCTION = YES;
				GCC_WARN_UNUSED_VARIABLE = YES;
				LOCALIZATION_PREFERS_STRING_CATALOGS = YES;
				MACOSX_DEPLOYMENT_TARGET = 14.1;
				MTL_ENABLE_DEBUG_INFO = NO;
				MTL_FAST_MATH = YES;
				SDKROOT = macosx;
				SWIFT_COMPILATION_MODE = wholemodule;
			};
			name = Release;
		};
		1EE40AAD2BC53E540024811D /* Debug */ = {
			isa = XCBuildConfiguration;
			buildSettings = {
				ASSETCATALOG_COMPILER_APPICON_NAME = AppIcon;
				ASSETCATALOG_COMPILER_GLOBAL_ACCENT_COLOR_NAME = AccentColor;
				CODE_SIGN_ENTITLEMENTS = TrueMute/TrueMute.entitlements;
				CODE_SIGN_STYLE = Automatic;
				COMBINE_HIDPI_IMAGES = YES;
				CURRENT_PROJECT_VERSION = 1;
				DEVELOPMENT_ASSET_PATHS = "\"TrueMute/Preview Content\"";
				DEVELOPMENT_TEAM = WD6DYBXR7W;
				ENABLE_HARDENED_RUNTIME = YES;
				ENABLE_PREVIEWS = YES;
				GENERATE_INFOPLIST_FILE = YES;
				INFOPLIST_KEY_NSHumanReadableCopyright = "";
				LD_RUNPATH_SEARCH_PATHS = (
					"$(inherited)",
					"@executable_path/../Frameworks",
				);
				MARKETING_VERSION = 1.0;
				PRODUCT_BUNDLE_IDENTIFIER = curr.TrueMute;
				PRODUCT_NAME = "$(TARGET_NAME)";
				SWIFT_EMIT_LOC_STRINGS = YES;
				SWIFT_VERSION = 5.0;
			};
			name = Debug;
		};
		1EE40AAE2BC53E540024811D /* Release */ = {
			isa = XCBuildConfiguration;
			buildSettings = {
				ASSETCATALOG_COMPILER_APPICON_NAME = AppIcon;
				ASSETCATALOG_COMPILER_GLOBAL_ACCENT_COLOR_NAME = AccentColor;
				CODE_SIGN_ENTITLEMENTS = TrueMute/TrueMute.entitlements;
				CODE_SIGN_STYLE = Automatic;
				COMBINE_HIDPI_IMAGES = YES;
				CURRENT_PROJECT_VERSION = 1;
				DEVELOPMENT_ASSET_PATHS = "\"TrueMute/Preview Content\"";
				DEVELOPMENT_TEAM = WD6DYBXR7W;
				ENABLE_HARDENED_RUNTIME = YES;
				ENABLE_PREVIEWS = YES;
				GENERATE_INFOPLIST_FILE = YES;
				INFOPLIST_KEY_NSHumanReadableCopyright = "";
				LD_RUNPATH_SEARCH_PATHS = (
					"$(inherited)",
					"@executable_path/../Frameworks",
				);
				MARKETING_VERSION = 1.0;
				PRODUCT_BUNDLE_IDENTIFIER = curr.TrueMute;
				PRODUCT_NAME = "$(TARGET_NAME)";
				SWIFT_EMIT_LOC_STRINGS = YES;
				SWIFT_VERSION = 5.0;
			};
			name = Release;
		};
		1EE40AB02BC53E540024811D /* Debug */ = {
			isa = XCBuildConfiguration;
			buildSettings = {
				ALWAYS_EMBED_SWIFT_STANDARD_LIBRARIES = YES;
				BUNDLE_LOADER = "$(TEST_HOST)";
				CODE_SIGN_STYLE = Automatic;
				CURRENT_PROJECT_VERSION = 1;
				DEVELOPMENT_TEAM = WD6DYBXR7W;
				GENERATE_INFOPLIST_FILE = YES;
				MACOSX_DEPLOYMENT_TARGET = 14.1;
				MARKETING_VERSION = 1.0;
				PRODUCT_BUNDLE_IDENTIFIER = curr.TrueMuteTests;
				PRODUCT_NAME = "$(TARGET_NAME)";
				SWIFT_EMIT_LOC_STRINGS = NO;
				SWIFT_VERSION = 5.0;
				TEST_HOST = "$(BUILT_PRODUCTS_DIR)/TrueMute.app/$(BUNDLE_EXECUTABLE_FOLDER_PATH)/TrueMute";
			};
			name = Debug;
		};
		1EE40AB12BC53E540024811D /* Release */ = {
			isa = XCBuildConfiguration;
			buildSettings = {
				ALWAYS_EMBED_SWIFT_STANDARD_LIBRARIES = YES;
				BUNDLE_LOADER = "$(TEST_HOST)";
				CODE_SIGN_STYLE = Automatic;
				CURRENT_PROJECT_VERSION = 1;
				DEVELOPMENT_TEAM = WD6DYBXR7W;
				GENERATE_INFOPLIST_FILE = YES;
				MACOSX_DEPLOYMENT_TARGET = 14.1;
				MARKETING_VERSION = 1.0;
				PRODUCT_BUNDLE_IDENTIFIER = curr.TrueMuteTests;
				PRODUCT_NAME = "$(TARGET_NAME)";
				SWIFT_EMIT_LOC_STRINGS = NO;
				SWIFT_VERSION = 5.0;
				TEST_HOST = "$(BUILT_PRODUCTS_DIR)/TrueMute.app/$(BUNDLE_EXECUTABLE_FOLDER_PATH)/TrueMute";
			};
			name = Release;
		};
		1EE40AB32BC53E540024811D /* Debug */ = {
			isa = XCBuildConfiguration;
			buildSettings = {
				ALWAYS_EMBED_SWIFT_STANDARD_LIBRARIES = YES;
				CODE_SIGN_STYLE = Automatic;
				CURRENT_PROJECT_VERSION = 1;
				DEVELOPMENT_TEAM = WD6DYBXR7W;
				GENERATE_INFOPLIST_FILE = YES;
				MARKETING_VERSION = 1.0;
				PRODUCT_BUNDLE_IDENTIFIER = curr.TrueMuteUITests;
				PRODUCT_NAME = "$(TARGET_NAME)";
				SWIFT_EMIT_LOC_STRINGS = NO;
				SWIFT_VERSION = 5.0;
				TEST_TARGET_NAME = TrueMute;
			};
			name = Debug;
		};
		1EE40AB42BC53E540024811D /* Release */ = {
			isa = XCBuildConfiguration;
			buildSettings = {
				ALWAYS_EMBED_SWIFT_STANDARD_LIBRARIES = YES;
				CODE_SIGN_STYLE = Automatic;
				CURRENT_PROJECT_VERSION = 1;
				DEVELOPMENT_TEAM = WD6DYBXR7W;
				GENERATE_INFOPLIST_FILE = YES;
				MARKETING_VERSION = 1.0;
				PRODUCT_BUNDLE_IDENTIFIER = curr.TrueMuteUITests;
				PRODUCT_NAME = "$(TARGET_NAME)";
				SWIFT_EMIT_LOC_STRINGS = NO;
				SWIFT_VERSION = 5.0;
				TEST_TARGET_NAME = TrueMute;
			};
			name = Release;
		};
/* End XCBuildConfiguration section */

/* Begin XCConfigurationList section */
		1EE40A822BC53E520024811D /* Build configuration list for PBXProject "TrueMute" */ = {
			isa = XCConfigurationList;
			buildConfigurations = (
				1EE40AAA2BC53E540024811D /* Debug */,
				1EE40AAB2BC53E540024811D /* Release */,
			);
			defaultConfigurationIsVisible = 0;
			defaultConfigurationName = Release;
		};
		1EE40AAC2BC53E540024811D /* Build configuration list for PBXNativeTarget "TrueMute" */ = {
			isa = XCConfigurationList;
			buildConfigurations = (
				1EE40AAD2BC53E540024811D /* Debug */,
				1EE40AAE2BC53E540024811D /* Release */,
			);
			defaultConfigurationIsVisible = 0;
			defaultConfigurationName = Release;
		};
		1EE40AAF2BC53E540024811D /* Build configuration list for PBXNativeTarget "TrueMuteTests" */ = {
			isa = XCConfigurationList;
			buildConfigurations = (
				1EE40AB02BC53E540024811D /* Debug */,
				1EE40AB12BC53E540024811D /* Release */,
			);
			defaultConfigurationIsVisible = 0;
			defaultConfigurationName = Release;
		};
		1EE40AB22BC53E540024811D /* Build configuration list for PBXNativeTarget "TrueMuteUITests" */ = {
			isa = XCConfigurationList;
			buildConfigurations = (
				1EE40AB32BC53E540024811D /* Debug */,
				1EE40AB42BC53E540024811D /* Release */,
			);
			defaultConfigurationIsVisible = 0;
			defaultConfigurationName = Release;
		};
/* End XCConfigurationList section */

/* Begin XCRemoteSwiftPackageReference section */
		1EE40AF22BC542770024811D /* XCRemoteSwiftPackageReference "ISSoundAdditions" */ = {
			isa = XCRemoteSwiftPackageReference;
			repositoryURL = "https://github.com/InerziaSoft/ISSoundAdditions";
			requirement = {
				branch = master;
				kind = branch;
			};
		};
/* End XCRemoteSwiftPackageReference section */

/* Begin XCSwiftPackageProductDependency section */
		1EE40AF32BC542770024811D /* ISSoundAdditions */ = {
			isa = XCSwiftPackageProductDependency;
			package = 1EE40AF22BC542770024811D /* XCRemoteSwiftPackageReference "ISSoundAdditions" */;
			productName = ISSoundAdditions;
		};
/* End XCSwiftPackageProductDependency section */
	};
	rootObject = 1EE40A7F2BC53E520024811D /* Project object */;
}
